// !$*UTF8*$!
{
	archiveVersion = 1;
	classes = {
	};
	objectVersion = 54;
	objects = {

/* Begin PBXBuildFile section */
		056A20E72652C36000F7028D /* chatViewSection.swift in Sources */ = {isa = PBXBuildFile; fileRef = 056A20E62652C36000F7028D /* chatViewSection.swift */; };
		05788E7D26386DF20048EB86 /* chatController.swift in Sources */ = {isa = PBXBuildFile; fileRef = 05788E7C26386DF10048EB86 /* chatController.swift */; };
		05788E7F26386E240048EB86 /* notificationController.swift in Sources */ = {isa = PBXBuildFile; fileRef = 05788E7E26386E240048EB86 /* notificationController.swift */; };
		057D1790262A63DF00C20CF0 /* languageTranslation.swift in Sources */ = {isa = PBXBuildFile; fileRef = 057D178F262A63DC00C20CF0 /* languageTranslation.swift */; };
		0583BD7C264BD686009FFE9B /* GoogleService-Info.plist in Resources */ = {isa = PBXBuildFile; fileRef = 0583BD7B264BD686009FFE9B /* GoogleService-Info.plist */; };
		0599E59A262236AD008EF17D /* AppDelegate.swift in Sources */ = {isa = PBXBuildFile; fileRef = 0599E599262236AD008EF17D /* AppDelegate.swift */; };
		0599E59C262236AD008EF17D /* SceneDelegate.swift in Sources */ = {isa = PBXBuildFile; fileRef = 0599E59B262236AD008EF17D /* SceneDelegate.swift */; };
		0599E59E262236AD008EF17D /* ViewController.swift in Sources */ = {isa = PBXBuildFile; fileRef = 0599E59D262236AD008EF17D /* ViewController.swift */; };
		0599E5A1262236AD008EF17D /* Main.storyboard in Resources */ = {isa = PBXBuildFile; fileRef = 0599E59F262236AD008EF17D /* Main.storyboard */; };
		0599E5A3262236B0008EF17D /* Assets.xcassets in Resources */ = {isa = PBXBuildFile; fileRef = 0599E5A2262236B0008EF17D /* Assets.xcassets */; };
		0599E5A6262236B0008EF17D /* LaunchScreen.storyboard in Resources */ = {isa = PBXBuildFile; fileRef = 0599E5A4262236B0008EF17D /* LaunchScreen.storyboard */; };
		059EF2A02635DEA9004CE456 /* profileSection.swift in Sources */ = {isa = PBXBuildFile; fileRef = 059EF29F2635DEA9004CE456 /* profileSection.swift */; };
		05BD8128264592040001A1A4 /* sendEmail.swift in Sources */ = {isa = PBXBuildFile; fileRef = 05BD8127264592030001A1A4 /* sendEmail.swift */; };
		05DD5A472624F8FF008DC560 /* NewUserViewController.swift in Sources */ = {isa = PBXBuildFile; fileRef = 05DD5A462624F8FF008DC560 /* NewUserViewController.swift */; };
		05DD5A4B2625C648008DC560 /* profileViewControler.swift in Sources */ = {isa = PBXBuildFile; fileRef = 05DD5A4A2625C648008DC560 /* profileViewControler.swift */; };
		05F755EC26262E9300FED1FF /* passwordReset.swift in Sources */ = {isa = PBXBuildFile; fileRef = 05F755EB26262E9300FED1FF /* passwordReset.swift */; };
		6671F11B26651CF800A16713 /* listUserSection.swift in Sources */ = {isa = PBXBuildFile; fileRef = 6671F11A26651CF800A16713 /* listUserSection.swift */; };
		6671F11D26651E0B00A16713 /* listSectionInit.swift in Sources */ = {isa = PBXBuildFile; fileRef = 6671F11C26651E0B00A16713 /* listSectionInit.swift */; };
		66C13890265CFBD300015AAC /* settings.swift in Sources */ = {isa = PBXBuildFile; fileRef = 66C1388F265CFBD300015AAC /* settings.swift */; };
		7C47548826DBE43400483167 /* viewNotification.swift in Sources */ = {isa = PBXBuildFile; fileRef = 7C47548726DBE43400483167 /* viewNotification.swift */; };
		7C4EA8F626F7A2FA008F01F4 /* Pods_allConnected.framework in Frameworks */ = {isa = PBXBuildFile; fileRef = 4E3C2D192B8EE7A8638848E1 /* Pods_allConnected.framework */; settings = {ATTRIBUTES = (Required, ); }; };
		7C621CA126D8FFBC00222C64 /* notiListSection.swift in Sources */ = {isa = PBXBuildFile; fileRef = 7C621CA026D8FFBC00222C64 /* notiListSection.swift */; };
		7C621CA326D9092000222C64 /* notiListInit.swift in Sources */ = {isa = PBXBuildFile; fileRef = 7C621CA226D9092000222C64 /* notiListInit.swift */; };
		7C629C1026DE451E00FBE570 /* sendNotification.swift in Sources */ = {isa = PBXBuildFile; fileRef = 7C629C0F26DE451E00FBE570 /* sendNotification.swift */; };
		7C64E87526CBCBB8009DB7B8 /* howItWorks.swift in Sources */ = {isa = PBXBuildFile; fileRef = 7C64E87426CBCBB8009DB7B8 /* howItWorks.swift */; };
		7C64E87726CBCC3D009DB7B8 /* howWorksTableViewCell.swift in Sources */ = {isa = PBXBuildFile; fileRef = 7C64E87626CBCC3D009DB7B8 /* howWorksTableViewCell.swift */; };
		7C6EEE9026CA8B0E00D247E1 /* About.swift in Sources */ = {isa = PBXBuildFile; fileRef = 7C6EEE8F26CA8B0E00D247E1 /* About.swift */; };
		7CE1DC5326E116B500E4A91F /* contactView.swift in Sources */ = {isa = PBXBuildFile; fileRef = 7CE1DC5226E116B500E4A91F /* contactView.swift */; };
/* End PBXBuildFile section */

/* Begin PBXFileReference section */
		056A20E62652C36000F7028D /* chatViewSection.swift */ = {isa = PBXFileReference; fileEncoding = 4; lastKnownFileType = sourcecode.swift; path = chatViewSection.swift; sourceTree = "<group>"; };
		05788E7C26386DF10048EB86 /* chatController.swift */ = {isa = PBXFileReference; lastKnownFileType = sourcecode.swift; path = chatController.swift; sourceTree = "<group>"; };
		05788E7E26386E240048EB86 /* notificationController.swift */ = {isa = PBXFileReference; lastKnownFileType = sourcecode.swift; path = notificationController.swift; sourceTree = "<group>"; };
		057D178F262A63DC00C20CF0 /* languageTranslation.swift */ = {isa = PBXFileReference; lastKnownFileType = sourcecode.swift; path = languageTranslation.swift; sourceTree = "<group>"; };
		0583BD7B264BD686009FFE9B /* GoogleService-Info.plist */ = {isa = PBXFileReference; lastKnownFileType = text.plist; path = "GoogleService-Info.plist"; sourceTree = SOURCE_ROOT; };
		0599E596262236AD008EF17D /* Xcar.app */ = {isa = PBXFileReference; explicitFileType = wrapper.application; includeInIndex = 0; path = Xcar.app; sourceTree = BUILT_PRODUCTS_DIR; };
		0599E599262236AD008EF17D /* AppDelegate.swift */ = {isa = PBXFileReference; lastKnownFileType = sourcecode.swift; path = AppDelegate.swift; sourceTree = "<group>"; };
		0599E59B262236AD008EF17D /* SceneDelegate.swift */ = {isa = PBXFileReference; lastKnownFileType = sourcecode.swift; path = SceneDelegate.swift; sourceTree = "<group>"; };
		0599E59D262236AD008EF17D /* ViewController.swift */ = {isa = PBXFileReference; lastKnownFileType = sourcecode.swift; path = ViewController.swift; sourceTree = "<group>"; };
		0599E5A0262236AD008EF17D /* Base */ = {isa = PBXFileReference; lastKnownFileType = file.storyboard; name = Base; path = Base.lproj/Main.storyboard; sourceTree = "<group>"; };
		0599E5A2262236B0008EF17D /* Assets.xcassets */ = {isa = PBXFileReference; lastKnownFileType = folder.assetcatalog; path = Assets.xcassets; sourceTree = "<group>"; };
		0599E5A5262236B0008EF17D /* Base */ = {isa = PBXFileReference; lastKnownFileType = file.storyboard; name = Base; path = Base.lproj/LaunchScreen.storyboard; sourceTree = "<group>"; };
		0599E5A7262236B0008EF17D /* Info.plist */ = {isa = PBXFileReference; lastKnownFileType = text.plist.xml; path = Info.plist; sourceTree = "<group>"; };
		059EF29F2635DEA9004CE456 /* profileSection.swift */ = {isa = PBXFileReference; lastKnownFileType = sourcecode.swift; path = profileSection.swift; sourceTree = "<group>"; };
		05BD812626457BF10001A1A4 /* sendEmail_bridge.h */ = {isa = PBXFileReference; lastKnownFileType = sourcecode.c.h; path = sendEmail_bridge.h; sourceTree = "<group>"; };
		05BD8127264592030001A1A4 /* sendEmail.swift */ = {isa = PBXFileReference; lastKnownFileType = sourcecode.swift; path = sendEmail.swift; sourceTree = "<group>"; };
		05DD5A462624F8FF008DC560 /* NewUserViewController.swift */ = {isa = PBXFileReference; lastKnownFileType = sourcecode.swift; path = NewUserViewController.swift; sourceTree = "<group>"; };
		05DD5A4A2625C648008DC560 /* profileViewControler.swift */ = {isa = PBXFileReference; lastKnownFileType = sourcecode.swift; path = profileViewControler.swift; sourceTree = "<group>"; };
		05F755EB26262E9300FED1FF /* passwordReset.swift */ = {isa = PBXFileReference; lastKnownFileType = sourcecode.swift; path = passwordReset.swift; sourceTree = "<group>"; };
		4E3C2D192B8EE7A8638848E1 /* Pods_allConnected.framework */ = {isa = PBXFileReference; explicitFileType = wrapper.framework; includeInIndex = 0; path = Pods_allConnected.framework; sourceTree = BUILT_PRODUCTS_DIR; };
		6671F11A26651CF800A16713 /* listUserSection.swift */ = {isa = PBXFileReference; lastKnownFileType = sourcecode.swift; path = listUserSection.swift; sourceTree = "<group>"; };
		6671F11C26651E0B00A16713 /* listSectionInit.swift */ = {isa = PBXFileReference; lastKnownFileType = sourcecode.swift; path = listSectionInit.swift; sourceTree = "<group>"; };
		66C1388F265CFBD300015AAC /* settings.swift */ = {isa = PBXFileReference; lastKnownFileType = sourcecode.swift; path = settings.swift; sourceTree = "<group>"; };
		7C47548726DBE43400483167 /* viewNotification.swift */ = {isa = PBXFileReference; lastKnownFileType = sourcecode.swift; path = viewNotification.swift; sourceTree = "<group>"; };
		7C621CA026D8FFBC00222C64 /* notiListSection.swift */ = {isa = PBXFileReference; lastKnownFileType = sourcecode.swift; path = notiListSection.swift; sourceTree = "<group>"; };
		7C621CA226D9092000222C64 /* notiListInit.swift */ = {isa = PBXFileReference; lastKnownFileType = sourcecode.swift; path = notiListInit.swift; sourceTree = "<group>"; };
		7C629C0F26DE451E00FBE570 /* sendNotification.swift */ = {isa = PBXFileReference; lastKnownFileType = sourcecode.swift; path = sendNotification.swift; sourceTree = "<group>"; };
		7C64E87426CBCBB8009DB7B8 /* howItWorks.swift */ = {isa = PBXFileReference; lastKnownFileType = sourcecode.swift; path = howItWorks.swift; sourceTree = "<group>"; };
		7C64E87626CBCC3D009DB7B8 /* howWorksTableViewCell.swift */ = {isa = PBXFileReference; lastKnownFileType = sourcecode.swift; path = howWorksTableViewCell.swift; sourceTree = "<group>"; };
		7C6532142742AA9300EAB8DB /* Pods */ = {isa = PBXFileReference; lastKnownFileType = folder; path = Pods; sourceTree = "<group>"; };
		7C6EEE8F26CA8B0E00D247E1 /* About.swift */ = {isa = PBXFileReference; lastKnownFileType = sourcecode.swift; path = About.swift; sourceTree = "<group>"; };
		7CE1DC5226E116B500E4A91F /* contactView.swift */ = {isa = PBXFileReference; lastKnownFileType = sourcecode.swift; path = contactView.swift; sourceTree = "<group>"; };
		8F3868B3D21DC04857921F95 /* Pods-allConnected.debug.xcconfig */ = {isa = PBXFileReference; includeInIndex = 1; lastKnownFileType = text.xcconfig; name = "Pods-allConnected.debug.xcconfig"; path = "Target Support Files/Pods-allConnected/Pods-allConnected.debug.xcconfig"; sourceTree = "<group>"; };
		CB364CF06D9AA6BC3A8AE721 /* Pods-allConnected.release.xcconfig */ = {isa = PBXFileReference; includeInIndex = 1; lastKnownFileType = text.xcconfig; name = "Pods-allConnected.release.xcconfig"; path = "Target Support Files/Pods-allConnected/Pods-allConnected.release.xcconfig"; sourceTree = "<group>"; };
/* End PBXFileReference section */

/* Begin PBXFrameworksBuildPhase section */
		0599E593262236AD008EF17D /* Frameworks */ = {
			isa = PBXFrameworksBuildPhase;
			buildActionMask = 2147483647;
			files = (
				7C4EA8F626F7A2FA008F01F4 /* Pods_allConnected.framework in Frameworks */,
			);
			runOnlyForDeploymentPostprocessing = 0;
		};
/* End PBXFrameworksBuildPhase section */

/* Begin PBXGroup section */
		0599E58D262236AD008EF17D = {
			isa = PBXGroup;
			children = (
				0599E598262236AD008EF17D /* Xcar */,
				4F3C050160A7AF860AC30285 /* Pods */,
				6A72FE7AB8E319037155CDF5 /* Frameworks */,
			);
			sourceTree = "<group>";
		};
		0599E597262236AD008EF17D /* Products */ = {
			isa = PBXGroup;
			children = (
				0599E596262236AD008EF17D /* Xcar.app */,
			);
			name = Products;
			path = ..;
			sourceTree = "<group>";
		};
		0599E598262236AD008EF17D /* Xcar */ = {
			isa = PBXGroup;
			children = (
				0599E599262236AD008EF17D /* AppDelegate.swift */,
				0599E59B262236AD008EF17D /* SceneDelegate.swift */,
				0599E59D262236AD008EF17D /* ViewController.swift */,
				056A20E62652C36000F7028D /* chatViewSection.swift */,
				05DD5A4A2625C648008DC560 /* profileViewControler.swift */,
				05DD5A462624F8FF008DC560 /* NewUserViewController.swift */,
				059EF29F2635DEA9004CE456 /* profileSection.swift */,
				05F755EB26262E9300FED1FF /* passwordReset.swift */,
				05788E7C26386DF10048EB86 /* chatController.swift */,
				6671F11A26651CF800A16713 /* listUserSection.swift */,
				6671F11C26651E0B00A16713 /* listSectionInit.swift */,
				05788E7E26386E240048EB86 /* notificationController.swift */,
				7C621CA026D8FFBC00222C64 /* notiListSection.swift */,
				7C621CA226D9092000222C64 /* notiListInit.swift */,
				7C47548726DBE43400483167 /* viewNotification.swift */,
				7C629C0F26DE451E00FBE570 /* sendNotification.swift */,
				057D178F262A63DC00C20CF0 /* languageTranslation.swift */,
				05BD8127264592030001A1A4 /* sendEmail.swift */,
				66C1388F265CFBD300015AAC /* settings.swift */,
				7C6EEE8F26CA8B0E00D247E1 /* About.swift */,
				7CE1DC5226E116B500E4A91F /* contactView.swift */,
				7C64E87426CBCBB8009DB7B8 /* howItWorks.swift */,
				7C64E87626CBCC3D009DB7B8 /* howWorksTableViewCell.swift */,
				0599E597262236AD008EF17D /* Products */,
				0599E59F262236AD008EF17D /* Main.storyboard */,
				0599E5A2262236B0008EF17D /* Assets.xcassets */,
				0599E5A4262236B0008EF17D /* LaunchScreen.storyboard */,
				0599E5A7262236B0008EF17D /* Info.plist */,
				0583BD7B264BD686009FFE9B /* GoogleService-Info.plist */,
				05BD812626457BF10001A1A4 /* sendEmail_bridge.h */,
			);
			path = Xcar;
			sourceTree = "<group>";
		};
		4F3C050160A7AF860AC30285 /* Pods */ = {
			isa = PBXGroup;
			children = (
				8F3868B3D21DC04857921F95 /* Pods-allConnected.debug.xcconfig */,
				CB364CF06D9AA6BC3A8AE721 /* Pods-allConnected.release.xcconfig */,
			);
			path = Pods;
			sourceTree = "<group>";
		};
		6A72FE7AB8E319037155CDF5 /* Frameworks */ = {
			isa = PBXGroup;
			children = (
				7C6532142742AA9300EAB8DB /* Pods */,
				4E3C2D192B8EE7A8638848E1 /* Pods_allConnected.framework */,
			);
			name = Frameworks;
			sourceTree = "<group>";
		};
/* End PBXGroup section */

/* Begin PBXNativeTarget section */
		0599E595262236AD008EF17D /* Xcar */ = {
			isa = PBXNativeTarget;
			buildConfigurationList = 0599E5AA262236B0008EF17D /* Build configuration list for PBXNativeTarget "Xcar" */;
			buildPhases = (
				A7270593FA0E7BD62859C64F /* [CP] Check Pods Manifest.lock */,
				0599E592262236AD008EF17D /* Sources */,
				0599E593262236AD008EF17D /* Frameworks */,
				0599E594262236AD008EF17D /* Resources */,
				61AA49F6776C2226F4749E1B /* [CP] Embed Pods Frameworks */,
			);
			buildRules = (
			);
			dependencies = (
			);
			name = Xcar;
			productName = allConnected;
			productReference = 0599E596262236AD008EF17D /* Xcar.app */;
			productType = "com.apple.product-type.application";
		};
/* End PBXNativeTarget section */

/* Begin PBXProject section */
		0599E58E262236AD008EF17D /* Project object */ = {
			isa = PBXProject;
			attributes = {
				LastSwiftUpdateCheck = 1250;
				LastUpgradeCheck = 1250;
				TargetAttributes = {
					0599E595262236AD008EF17D = {
						CreatedOnToolsVersion = 12.5;
					};
				};
			};
			buildConfigurationList = 0599E591262236AD008EF17D /* Build configuration list for PBXProject "Xcar" */;
			compatibilityVersion = "Xcode 9.3";
			developmentRegion = en;
			hasScannedForEncodings = 0;
			knownRegions = (
				en,
				Base,
			);
			mainGroup = 0599E58D262236AD008EF17D;
			productRefGroup = 0599E597262236AD008EF17D /* Products */;
			projectDirPath = "";
			projectRoot = "";
			targets = (
				0599E595262236AD008EF17D /* Xcar */,
			);
		};
/* End PBXProject section */

/* Begin PBXResourcesBuildPhase section */
		0599E594262236AD008EF17D /* Resources */ = {
			isa = PBXResourcesBuildPhase;
			buildActionMask = 2147483647;
			files = (
				0599E5A6262236B0008EF17D /* LaunchScreen.storyboard in Resources */,
				0583BD7C264BD686009FFE9B /* GoogleService-Info.plist in Resources */,
				0599E5A3262236B0008EF17D /* Assets.xcassets in Resources */,
				0599E5A1262236AD008EF17D /* Main.storyboard in Resources */,
			);
			runOnlyForDeploymentPostprocessing = 0;
		};
/* End PBXResourcesBuildPhase section */

/* Begin PBXShellScriptBuildPhase section */
		61AA49F6776C2226F4749E1B /* [CP] Embed Pods Frameworks */ = {
			isa = PBXShellScriptBuildPhase;
			buildActionMask = 2147483647;
			files = (
			);
			inputFileListPaths = (
				"${PODS_ROOT}/Target Support Files/Pods-allConnected/Pods-allConnected-frameworks-${CONFIGURATION}-input-files.xcfilelist",
			);
			name = "[CP] Embed Pods Frameworks";
			outputFileListPaths = (
				"${PODS_ROOT}/Target Support Files/Pods-allConnected/Pods-allConnected-frameworks-${CONFIGURATION}-output-files.xcfilelist",
			);
			runOnlyForDeploymentPostprocessing = 0;
			shellPath = /bin/sh;
			shellScript = "\"${PODS_ROOT}/Target Support Files/Pods-allConnected/Pods-allConnected-frameworks.sh\"\n";
			showEnvVarsInLog = 0;
		};
		A7270593FA0E7BD62859C64F /* [CP] Check Pods Manifest.lock */ = {
			isa = PBXShellScriptBuildPhase;
			buildActionMask = 2147483647;
			files = (
			);
			inputFileListPaths = (
			);
			inputPaths = (
				"${PODS_PODFILE_DIR_PATH}/Podfile.lock",
				"${PODS_ROOT}/Manifest.lock",
			);
			name = "[CP] Check Pods Manifest.lock";
			outputFileListPaths = (
			);
			outputPaths = (
				"$(DERIVED_FILE_DIR)/Pods-allConnected-checkManifestLockResult.txt",
			);
			runOnlyForDeploymentPostprocessing = 0;
			shellPath = /bin/sh;
			shellScript = "diff \"${PODS_PODFILE_DIR_PATH}/Podfile.lock\" \"${PODS_ROOT}/Manifest.lock\" > /dev/null\nif [ $? != 0 ] ; then\n    # print error to STDERR\n    echo \"error: The sandbox is not in sync with the Podfile.lock. Run 'pod install' or update your CocoaPods installation.\" >&2\n    exit 1\nfi\n# This output is used by Xcode 'outputs' to avoid re-running this script phase.\necho \"SUCCESS\" > \"${SCRIPT_OUTPUT_FILE_0}\"\n";
			showEnvVarsInLog = 0;
		};
/* End PBXShellScriptBuildPhase section */

/* Begin PBXSourcesBuildPhase section */
		0599E592262236AD008EF17D /* Sources */ = {
			isa = PBXSourcesBuildPhase;
			buildActionMask = 2147483647;
			files = (
				7C47548826DBE43400483167 /* viewNotification.swift in Sources */,
				056A20E72652C36000F7028D /* chatViewSection.swift in Sources */,
				7C64E87726CBCC3D009DB7B8 /* howWorksTableViewCell.swift in Sources */,
				7C6EEE9026CA8B0E00D247E1 /* About.swift in Sources */,
				7C621CA126D8FFBC00222C64 /* notiListSection.swift in Sources */,
				0599E59E262236AD008EF17D /* ViewController.swift in Sources */,
				05BD8128264592040001A1A4 /* sendEmail.swift in Sources */,
				05DD5A4B2625C648008DC560 /* profileViewControler.swift in Sources */,
				7C621CA326D9092000222C64 /* notiListInit.swift in Sources */,
				0599E59A262236AD008EF17D /* AppDelegate.swift in Sources */,
				05DD5A472624F8FF008DC560 /* NewUserViewController.swift in Sources */,
				66C13890265CFBD300015AAC /* settings.swift in Sources */,
				7C629C1026DE451E00FBE570 /* sendNotification.swift in Sources */,
				057D1790262A63DF00C20CF0 /* languageTranslation.swift in Sources */,
				059EF2A02635DEA9004CE456 /* profileSection.swift in Sources */,
				05F755EC26262E9300FED1FF /* passwordReset.swift in Sources */,
				0599E59C262236AD008EF17D /* SceneDelegate.swift in Sources */,
				7C64E87526CBCBB8009DB7B8 /* howItWorks.swift in Sources */,
				6671F11D26651E0B00A16713 /* listSectionInit.swift in Sources */,
				05788E7F26386E240048EB86 /* notificationController.swift in Sources */,
				6671F11B26651CF800A16713 /* listUserSection.swift in Sources */,
				7CE1DC5326E116B500E4A91F /* contactView.swift in Sources */,
				05788E7D26386DF20048EB86 /* chatController.swift in Sources */,
			);
			runOnlyForDeploymentPostprocessing = 0;
		};
/* End PBXSourcesBuildPhase section */

/* Begin PBXVariantGroup section */
		0599E59F262236AD008EF17D /* Main.storyboard */ = {
			isa = PBXVariantGroup;
			children = (
				0599E5A0262236AD008EF17D /* Base */,
			);
			name = Main.storyboard;
			sourceTree = "<group>";
		};
		0599E5A4262236B0008EF17D /* LaunchScreen.storyboard */ = {
			isa = PBXVariantGroup;
			children = (
				0599E5A5262236B0008EF17D /* Base */,
			);
			name = LaunchScreen.storyboard;
			sourceTree = "<group>";
		};
/* End PBXVariantGroup section */

/* Begin XCBuildConfiguration section */
		0599E5A8262236B0008EF17D /* Debug */ = {
			isa = XCBuildConfiguration;
			buildSettings = {
				ALWAYS_SEARCH_USER_PATHS = NO;
				CLANG_ANALYZER_NONNULL = YES;
				CLANG_ANALYZER_NUMBER_OBJECT_CONVERSION = YES_AGGRESSIVE;
				CLANG_CXX_LANGUAGE_STANDARD = "gnu++14";
				CLANG_CXX_LIBRARY = "libc++";
				CLANG_ENABLE_MODULES = YES;
				CLANG_ENABLE_OBJC_ARC = YES;
				CLANG_ENABLE_OBJC_WEAK = YES;
				CLANG_WARN_BLOCK_CAPTURE_AUTORELEASING = YES;
				CLANG_WARN_BOOL_CONVERSION = YES;
				CLANG_WARN_COMMA = YES;
				CLANG_WARN_CONSTANT_CONVERSION = YES;
				CLANG_WARN_DEPRECATED_OBJC_IMPLEMENTATIONS = YES;
				CLANG_WARN_DIRECT_OBJC_ISA_USAGE = YES_ERROR;
				CLANG_WARN_DOCUMENTATION_COMMENTS = YES;
				CLANG_WARN_EMPTY_BODY = YES;
				CLANG_WARN_ENUM_CONVERSION = YES;
				CLANG_WARN_INFINITE_RECURSION = YES;
				CLANG_WARN_INT_CONVERSION = YES;
				CLANG_WARN_NON_LITERAL_NULL_CONVERSION = YES;
				CLANG_WARN_OBJC_IMPLICIT_RETAIN_SELF = YES;
				CLANG_WARN_OBJC_LITERAL_CONVERSION = YES;
				CLANG_WARN_OBJC_ROOT_CLASS = YES_ERROR;
				CLANG_WARN_QUOTED_INCLUDE_IN_FRAMEWORK_HEADER = YES;
				CLANG_WARN_RANGE_LOOP_ANALYSIS = YES;
				CLANG_WARN_STRICT_PROTOTYPES = YES;
				CLANG_WARN_SUSPICIOUS_MOVE = YES;
				CLANG_WARN_UNGUARDED_AVAILABILITY = YES_AGGRESSIVE;
				CLANG_WARN_UNREACHABLE_CODE = YES;
				CLANG_WARN__DUPLICATE_METHOD_MATCH = YES;
				COPY_PHASE_STRIP = NO;
				DEBUG_INFORMATION_FORMAT = dwarf;
				ENABLE_STRICT_OBJC_MSGSEND = YES;
				ENABLE_TESTABILITY = YES;
				GCC_C_LANGUAGE_STANDARD = gnu11;
				GCC_DYNAMIC_NO_PIC = NO;
				GCC_NO_COMMON_BLOCKS = YES;
				GCC_OPTIMIZATION_LEVEL = 0;
				GCC_PREPROCESSOR_DEFINITIONS = (
					"DEBUG=1",
					"$(inherited)",
				);
				GCC_WARN_64_TO_32_BIT_CONVERSION = YES;
				GCC_WARN_ABOUT_RETURN_TYPE = YES_ERROR;
				GCC_WARN_UNDECLARED_SELECTOR = YES;
				GCC_WARN_UNINITIALIZED_AUTOS = YES_AGGRESSIVE;
				GCC_WARN_UNUSED_FUNCTION = YES;
				GCC_WARN_UNUSED_VARIABLE = YES;
				"INFOPLIST_FILE[sdk=*]" = "";
				IPHONEOS_DEPLOYMENT_TARGET = 14.5;
				MTL_ENABLE_DEBUG_INFO = INCLUDE_SOURCE;
				MTL_FAST_MATH = YES;
				ONLY_ACTIVE_ARCH = YES;
				SDKROOT = iphoneos;
				SWIFT_ACTIVE_COMPILATION_CONDITIONS = DEBUG;
				SWIFT_OPTIMIZATION_LEVEL = "-Onone";
			};
			name = Debug;
		};
		0599E5A9262236B0008EF17D /* Release */ = {
			isa = XCBuildConfiguration;
			buildSettings = {
				ALWAYS_SEARCH_USER_PATHS = NO;
				CLANG_ANALYZER_NONNULL = YES;
				CLANG_ANALYZER_NUMBER_OBJECT_CONVERSION = YES_AGGRESSIVE;
				CLANG_CXX_LANGUAGE_STANDARD = "gnu++14";
				CLANG_CXX_LIBRARY = "libc++";
				CLANG_ENABLE_MODULES = YES;
				CLANG_ENABLE_OBJC_ARC = YES;
				CLANG_ENABLE_OBJC_WEAK = YES;
				CLANG_WARN_BLOCK_CAPTURE_AUTORELEASING = YES;
				CLANG_WARN_BOOL_CONVERSION = YES;
				CLANG_WARN_COMMA = YES;
				CLANG_WARN_CONSTANT_CONVERSION = YES;
				CLANG_WARN_DEPRECATED_OBJC_IMPLEMENTATIONS = YES;
				CLANG_WARN_DIRECT_OBJC_ISA_USAGE = YES_ERROR;
				CLANG_WARN_DOCUMENTATION_COMMENTS = YES;
				CLANG_WARN_EMPTY_BODY = YES;
				CLANG_WARN_ENUM_CONVERSION = YES;
				CLANG_WARN_INFINITE_RECURSION = YES;
				CLANG_WARN_INT_CONVERSION = YES;
				CLANG_WARN_NON_LITERAL_NULL_CONVERSION = YES;
				CLANG_WARN_OBJC_IMPLICIT_RETAIN_SELF = YES;
				CLANG_WARN_OBJC_LITERAL_CONVERSION = YES;
				CLANG_WARN_OBJC_ROOT_CLASS = YES_ERROR;
				CLANG_WARN_QUOTED_INCLUDE_IN_FRAMEWORK_HEADER = YES;
				CLANG_WARN_RANGE_LOOP_ANALYSIS = YES;
				CLANG_WARN_STRICT_PROTOTYPES = YES;
				CLANG_WARN_SUSPICIOUS_MOVE = YES;
				CLANG_WARN_UNGUARDED_AVAILABILITY = YES_AGGRESSIVE;
				CLANG_WARN_UNREACHABLE_CODE = YES;
				CLANG_WARN__DUPLICATE_METHOD_MATCH = YES;
				COPY_PHASE_STRIP = NO;
				DEBUG_INFORMATION_FORMAT = "dwarf-with-dsym";
				ENABLE_NS_ASSERTIONS = NO;
				ENABLE_STRICT_OBJC_MSGSEND = YES;
				GCC_C_LANGUAGE_STANDARD = gnu11;
				GCC_NO_COMMON_BLOCKS = YES;
				GCC_WARN_64_TO_32_BIT_CONVERSION = YES;
				GCC_WARN_ABOUT_RETURN_TYPE = YES_ERROR;
				GCC_WARN_UNDECLARED_SELECTOR = YES;
				GCC_WARN_UNINITIALIZED_AUTOS = YES_AGGRESSIVE;
				GCC_WARN_UNUSED_FUNCTION = YES;
				GCC_WARN_UNUSED_VARIABLE = YES;
				"INFOPLIST_FILE[sdk=*]" = "	";
				IPHONEOS_DEPLOYMENT_TARGET = 14.5;
				MTL_ENABLE_DEBUG_INFO = NO;
				MTL_FAST_MATH = YES;
				SDKROOT = iphoneos;
				SWIFT_COMPILATION_MODE = wholemodule;
				SWIFT_OPTIMIZATION_LEVEL = "-O";
				VALIDATE_PRODUCT = YES;
			};
			name = Release;
		};
		0599E5AB262236B0008EF17D /* Debug */ = {
			isa = XCBuildConfiguration;
			baseConfigurationReference = 8F3868B3D21DC04857921F95 /* Pods-allConnected.debug.xcconfig */;
			buildSettings = {
				ASSETCATALOG_COMPILER_APPICON_NAME = AppIcon;
				ASSETCATALOG_COMPILER_GLOBAL_ACCENT_COLOR_NAME = AccentColor;
				CODE_SIGN_ENTITLEMENTS = Xcar/Xcar.entitlements;
				CODE_SIGN_IDENTITY = "iPhone Developer";
				CODE_SIGN_STYLE = Automatic;
				DEVELOPMENT_TEAM = 6D3D76RM79;
				HEADER_SEARCH_PATHS = (
					"$(inherited)",
					"\"${PODS_CONFIGURATION_BUILD_DIR}/FirebaseCore/FirebaseCore.framework/Headers\"",
					"\"${PODS_CONFIGURATION_BUILD_DIR}/FirebaseCoreDiagnostics/FirebaseCoreDiagnostics.framework/Headers\"",
					"\"${PODS_CONFIGURATION_BUILD_DIR}/FirebaseDatabase/FirebaseDatabase.framework/Headers\"",
					"\"${PODS_CONFIGURATION_BUILD_DIR}/FirebaseInstallations/FirebaseInstallations.framework/Headers\"",
					"\"${PODS_CONFIGURATION_BUILD_DIR}/FirebaseInstanceID/FirebaseInstanceID.framework/Headers\"",
					"\"${PODS_CONFIGURATION_BUILD_DIR}/FirebaseMessaging/FirebaseMessaging.framework/Headers\"",
					"\"${PODS_CONFIGURATION_BUILD_DIR}/FirebaseStorage/FirebaseStorage.framework/Headers\"",
					"\"${PODS_CONFIGURATION_BUILD_DIR}/GTMSessionFetcher/GTMSessionFetcher.framework/Headers\"",
					"\"${PODS_CONFIGURATION_BUILD_DIR}/GoogleDataTransport/GoogleDataTransport.framework/Headers\"",
					"\"${PODS_CONFIGURATION_BUILD_DIR}/GoogleUtilities/GoogleUtilities.framework/Headers\"",
					"\"${PODS_CONFIGURATION_BUILD_DIR}/JSQMessagesViewController/JSQMessagesViewController.framework/Headers\"",
					"\"${PODS_CONFIGURATION_BUILD_DIR}/JSQSystemSoundPlayer/JSQSystemSoundPlayer.framework/Headers\"",
					"\"${PODS_CONFIGURATION_BUILD_DIR}/PromisesObjC/FBLPromises.framework/Headers\"",
					"\"${PODS_CONFIGURATION_BUILD_DIR}/leveldb-library/leveldb.framework/Headers\"",
					"\"${PODS_CONFIGURATION_BUILD_DIR}/nanopb/nanopb.framework/Headers\"",
					"\"${PODS_ROOT}/Headers/Public\"",
					"\"${PODS_ROOT}/Headers/Public/Firebase\"",
					"$(inherited)",
					"${PODS_ROOT}/Firebase/CoreOnly/Sources",
					"\"${PODS_TARGET_SRCROOT}/Sources/FBLPromises/include\"",
					"\"${PODS_ROOT}/Headers/Public/mailcore2-ios\"",
					"\"${PÒDS_ROOT}/Headers/Public/mailcore2-ios/MailCore\"",
				);
				INFOPLIST_FILE = Xcar/Info.plist;
				IPHONEOS_DEPLOYMENT_TARGET = 15.0;
				LD_RUNPATH_SEARCH_PATHS = (
					"$(inherited)",
					"@executable_path/Frameworks",
				);
				PRODUCT_BUNDLE_IDENTIFIER = com.epicdeveloper.xcar;
				PRODUCT_NAME = "$(TARGET_NAME)";
				PROVISIONING_PROFILE_SPECIFIER = "";
				SWIFT_OBJC_BRIDGING_HEADER = "${SRCROOT}/Xcar/sendEmail_bridge.h";
				SWIFT_VERSION = 5.0;
				TARGETED_DEVICE_FAMILY = 1;
			};
			name = Debug;
		};
		0599E5AC262236B0008EF17D /* Release */ = {
			isa = XCBuildConfiguration;
			baseConfigurationReference = CB364CF06D9AA6BC3A8AE721 /* Pods-allConnected.release.xcconfig */;
			buildSettings = {
				ASSETCATALOG_COMPILER_APPICON_NAME = AppIcon;
				ASSETCATALOG_COMPILER_GLOBAL_ACCENT_COLOR_NAME = AccentColor;
				CODE_SIGN_ENTITLEMENTS = Xcar/Xcar.entitlements;
				CODE_SIGN_IDENTITY = "Apple Development";
				CODE_SIGN_STYLE = Automatic;
				DEVELOPMENT_TEAM = 6D3D76RM79;
				HEADER_SEARCH_PATHS = (
					"$(inherited)",
					"\"${PODS_CONFIGURATION_BUILD_DIR}/FirebaseCore/FirebaseCore.framework/Headers\"",
					"\"${PODS_CONFIGURATION_BUILD_DIR}/FirebaseCoreDiagnostics/FirebaseCoreDiagnostics.framework/Headers\"",
					"\"${PODS_CONFIGURATION_BUILD_DIR}/FirebaseDatabase/FirebaseDatabase.framework/Headers\"",
					"\"${PODS_CONFIGURATION_BUILD_DIR}/FirebaseInstallations/FirebaseInstallations.framework/Headers\"",
					"\"${PODS_CONFIGURATION_BUILD_DIR}/FirebaseInstanceID/FirebaseInstanceID.framework/Headers\"",
					"\"${PODS_CONFIGURATION_BUILD_DIR}/FirebaseMessaging/FirebaseMessaging.framework/Headers\"",
					"\"${PODS_CONFIGURATION_BUILD_DIR}/FirebaseStorage/FirebaseStorage.framework/Headers\"",
					"\"${PODS_CONFIGURATION_BUILD_DIR}/GTMSessionFetcher/GTMSessionFetcher.framework/Headers\"",
					"\"${PODS_CONFIGURATION_BUILD_DIR}/GoogleDataTransport/GoogleDataTransport.framework/Headers\"",
					"\"${PODS_CONFIGURATION_BUILD_DIR}/GoogleUtilities/GoogleUtilities.framework/Headers\"",
					"\"${PODS_CONFIGURATION_BUILD_DIR}/JSQMessagesViewController/JSQMessagesViewController.framework/Headers\"",
					"\"${PODS_CONFIGURATION_BUILD_DIR}/JSQSystemSoundPlayer/JSQSystemSoundPlayer.framework/Headers\"",
					"\"${PODS_CONFIGURATION_BUILD_DIR}/PromisesObjC/FBLPromises.framework/Headers\"",
					"\"${PODS_CONFIGURATION_BUILD_DIR}/leveldb-library/leveldb.framework/Headers\"",
					"\"${PODS_CONFIGURATION_BUILD_DIR}/nanopb/nanopb.framework/Headers\"",
					"\"${PODS_ROOT}/Headers/Public\"",
					"\"${PODS_ROOT}/Headers/Public/Firebase\"",
					"$(inherited)",
					"${PODS_ROOT}/Firebase/CoreOnly/Sources",
					"\"${PODS_TARGET_SRCROOT}/Sources/FBLPromises/include\"",
					"\"${PODS_ROOT}/Headers/Public/mailcore2-ios\"",
					"\"${PÒDS_ROOT}/Headers/Public/mailcore2-ios/MailCore\"",
				);
				INFOPLIST_FILE = Xcar/Info.plist;
				IPHONEOS_DEPLOYMENT_TARGET = 15.0;
				LD_RUNPATH_SEARCH_PATHS = (
					"$(inherited)",
					"@executable_path/Frameworks",
				);
				PRODUCT_BUNDLE_IDENTIFIER = com.epicdeveloper.xcar;
				PRODUCT_NAME = "$(TARGET_NAME)";
				PROVISIONING_PROFILE_SPECIFIER = "";
				SWIFT_OBJC_BRIDGING_HEADER = "${SRCROOT}/Xcar/sendEmail_bridge.h";
				SWIFT_VERSION = 5.0;
				TARGETED_DEVICE_FAMILY = 1;
			};
			name = Release;
		};
/* End XCBuildConfiguration section */

/* Begin XCConfigurationList section */
		0599E591262236AD008EF17D /* Build configuration list for PBXProject "Xcar" */ = {
			isa = XCConfigurationList;
			buildConfigurations = (
				0599E5A8262236B0008EF17D /* Debug */,
				0599E5A9262236B0008EF17D /* Release */,
			);
			defaultConfigurationIsVisible = 0;
			defaultConfigurationName = Debug;
		};
		0599E5AA262236B0008EF17D /* Build configuration list for PBXNativeTarget "Xcar" */ = {
			isa = XCConfigurationList;
			buildConfigurations = (
				0599E5AB262236B0008EF17D /* Debug */,
				0599E5AC262236B0008EF17D /* Release */,
			);
			defaultConfigurationIsVisible = 0;
			defaultConfigurationName = Debug;
		};
/* End XCConfigurationList section */
	};
	rootObject = 0599E58E262236AD008EF17D /* Project object */;
}
